// !$*UTF8*$!
{
	archiveVersion = 1;
	classes = {
	};
	objectVersion = 56;
	objects = {

/* Begin PBXBuildFile section */
		6B3EE3672D60C3F80052B7D8 /* WebsiteBlockerApp.swift in Sources */ = {isa = PBXBuildFile; fileRef = 6B3EE3662D60C3F80052B7D8 /* WebsiteBlockerApp.swift */; };
		6B3EE36B2D60C3FC0052B7D8 /* Assets.xcassets in Resources */ = {isa = PBXBuildFile; fileRef = 6B3EE36A2D60C3FC0052B7D8 /* Assets.xcassets */; };
		6B3EE36E2D60C3FC0052B7D8 /* Preview Assets.xcassets in Resources */ = {isa = PBXBuildFile; fileRef = 6B3EE36D2D60C3FC0052B7D8 /* Preview Assets.xcassets */; };
		6B3EE3762D60C92D0052B7D8 /* WebsiteBlockerView.swift in Sources */ = {isa = PBXBuildFile; fileRef = 6B3EE3752D60C92D0052B7D8 /* WebsiteBlockerView.swift */; };
		6B3EE3782D60D29C0052B7D8 /* WebsiteModel.swift in Sources */ = {isa = PBXBuildFile; fileRef = 6B3EE3772D60D29C0052B7D8 /* WebsiteModel.swift */; };
		6B3EE37A2D60DCFF0052B7D8 /* BlocklistVM.swift in Sources */ = {isa = PBXBuildFile; fileRef = 6B3EE3792D60DCFF0052B7D8 /* BlocklistVM.swift */; };
		6B3EE37C2D612EA30052B7D8 /* HostsFileService.swift in Sources */ = {isa = PBXBuildFile; fileRef = 6B3EE37B2D612EA30052B7D8 /* HostsFileService.swift */; };
		6B3EE37E2D6132800052B7D8 /* Constants.swift in Sources */ = {isa = PBXBuildFile; fileRef = 6B3EE37D2D6132800052B7D8 /* Constants.swift */; };
		6B3EE3862D61EFCA0052B7D8 /* BlocklistView.swift in Sources */ = {isa = PBXBuildFile; fileRef = 6B3EE3852D61EFCA0052B7D8 /* BlocklistView.swift */; };
		6BE5FC892D6383C900B608EC /* WebsiteBlockerHelper in CopyFiles */ = {isa = PBXBuildFile; fileRef = 6BE5FC882D6383C900B608EC /* WebsiteBlockerHelper */; settings = {ATTRIBUTES = (CodeSignOnCopy, ); }; };
/* End PBXBuildFile section */

/* Begin PBXCopyFilesBuildPhase section */
		6BE5FC872D63839600B608EC /* CopyFiles */ = {
			isa = PBXCopyFilesBuildPhase;
			buildActionMask = 2147483647;
			dstPath = "";
			dstSubfolderSpec = 7;
			files = (
				6BE5FC892D6383C900B608EC /* WebsiteBlockerHelper in CopyFiles */,
			);
			runOnlyForDeploymentPostprocessing = 0;
		};
/* End PBXCopyFilesBuildPhase section */

/* Begin PBXFileReference section */
		6B3EE3632D60C3F80052B7D8 /* WebsiteBlocker.app */ = {isa = PBXFileReference; explicitFileType = wrapper.application; includeInIndex = 0; path = WebsiteBlocker.app; sourceTree = BUILT_PRODUCTS_DIR; };
		6B3EE3662D60C3F80052B7D8 /* WebsiteBlockerApp.swift */ = {isa = PBXFileReference; lastKnownFileType = sourcecode.swift; path = WebsiteBlockerApp.swift; sourceTree = "<group>"; };
		6B3EE36A2D60C3FC0052B7D8 /* Assets.xcassets */ = {isa = PBXFileReference; lastKnownFileType = folder.assetcatalog; path = Assets.xcassets; sourceTree = "<group>"; };
		6B3EE36D2D60C3FC0052B7D8 /* Preview Assets.xcassets */ = {isa = PBXFileReference; lastKnownFileType = folder.assetcatalog; path = "Preview Assets.xcassets"; sourceTree = "<group>"; };
		6B3EE36F2D60C3FC0052B7D8 /* WebsiteBlocker.entitlements */ = {isa = PBXFileReference; lastKnownFileType = text.plist.entitlements; path = WebsiteBlocker.entitlements; sourceTree = "<group>"; };
		6B3EE3752D60C92D0052B7D8 /* WebsiteBlockerView.swift */ = {isa = PBXFileReference; lastKnownFileType = sourcecode.swift; path = WebsiteBlockerView.swift; sourceTree = "<group>"; };
		6B3EE3772D60D29C0052B7D8 /* WebsiteModel.swift */ = {isa = PBXFileReference; lastKnownFileType = sourcecode.swift; path = WebsiteModel.swift; sourceTree = "<group>"; };
		6B3EE3792D60DCFF0052B7D8 /* BlocklistVM.swift */ = {isa = PBXFileReference; lastKnownFileType = sourcecode.swift; path = BlocklistVM.swift; sourceTree = "<group>"; };
		6B3EE37B2D612EA30052B7D8 /* HostsFileService.swift */ = {isa = PBXFileReference; lastKnownFileType = sourcecode.swift; path = HostsFileService.swift; sourceTree = "<group>"; };
		6B3EE37D2D6132800052B7D8 /* Constants.swift */ = {isa = PBXFileReference; lastKnownFileType = sourcecode.swift; path = Constants.swift; sourceTree = "<group>"; };
		6B3EE3852D61EFCA0052B7D8 /* BlocklistView.swift */ = {isa = PBXFileReference; lastKnownFileType = sourcecode.swift; path = BlocklistView.swift; sourceTree = "<group>"; };
		6BE5FC882D6383C900B608EC /* WebsiteBlockerHelper */ = {isa = PBXFileReference; lastKnownFileType = wrapper; path = WebsiteBlockerHelper; sourceTree = "<group>"; };
/* End PBXFileReference section */

/* Begin PBXFrameworksBuildPhase section */
		6B3EE3602D60C3F80052B7D8 /* Frameworks */ = {
			isa = PBXFrameworksBuildPhase;
			buildActionMask = 2147483647;
			files = (
			);
			runOnlyForDeploymentPostprocessing = 0;
		};
/* End PBXFrameworksBuildPhase section */

/* Begin PBXGroup section */
		6B3EE35A2D60C3F80052B7D8 = {
			isa = PBXGroup;
			children = (
				6BE5FC882D6383C900B608EC /* WebsiteBlockerHelper */,
				6B3EE3652D60C3F80052B7D8 /* WebsiteBlocker */,
				6B3EE3642D60C3F80052B7D8 /* Products */,
			);
			sourceTree = "<group>";
		};
		6B3EE3642D60C3F80052B7D8 /* Products */ = {
			isa = PBXGroup;
			children = (
				6B3EE3632D60C3F80052B7D8 /* WebsiteBlocker.app */,
			);
			name = Products;
			sourceTree = "<group>";
		};
		6B3EE3652D60C3F80052B7D8 /* WebsiteBlocker */ = {
			isa = PBXGroup;
			children = (
				6B3EE37F2D614B570052B7D8 /* Screens */,
				6B3EE3872D61F0B20052B7D8 /* Views */,
				6B3EE3842D61EDE50052B7D8 /* Services */,
				6B3EE3812D614B9C0052B7D8 /* Models */,
				6B3EE3802D614B800052B7D8 /* Utilities */,
				6B3EE3662D60C3F80052B7D8 /* WebsiteBlockerApp.swift */,
				6B3EE36A2D60C3FC0052B7D8 /* Assets.xcassets */,
				6B3EE36F2D60C3FC0052B7D8 /* WebsiteBlocker.entitlements */,
				6B3EE36C2D60C3FC0052B7D8 /* Preview Content */,
			);
			path = WebsiteBlocker;
			sourceTree = "<group>";
		};
		6B3EE36C2D60C3FC0052B7D8 /* Preview Content */ = {
			isa = PBXGroup;
			children = (
				6B3EE36D2D60C3FC0052B7D8 /* Preview Assets.xcassets */,
			);
			path = "Preview Content";
			sourceTree = "<group>";
		};
		6B3EE37F2D614B570052B7D8 /* Screens */ = {
			isa = PBXGroup;
			children = (
				6B3EE3752D60C92D0052B7D8 /* WebsiteBlockerView.swift */,
			);
			path = Screens;
			sourceTree = "<group>";
		};
		6B3EE3802D614B800052B7D8 /* Utilities */ = {
			isa = PBXGroup;
			children = (
				6B3EE37D2D6132800052B7D8 /* Constants.swift */,
			);
			path = Utilities;
			sourceTree = "<group>";
		};
		6B3EE3812D614B9C0052B7D8 /* Models */ = {
			isa = PBXGroup;
			children = (
				6B3EE3772D60D29C0052B7D8 /* WebsiteModel.swift */,
			);
			path = Models;
			sourceTree = "<group>";
		};
		6B3EE3842D61EDE50052B7D8 /* Services */ = {
			isa = PBXGroup;
			children = (
				6B3EE37B2D612EA30052B7D8 /* HostsFileService.swift */,
			);
			path = Services;
			sourceTree = "<group>";
		};
		6B3EE3872D61F0B20052B7D8 /* Views */ = {
			isa = PBXGroup;
			children = (
				6B3EE3852D61EFCA0052B7D8 /* BlocklistView.swift */,
				6B3EE3792D60DCFF0052B7D8 /* BlocklistVM.swift */,
			);
			path = Views;
			sourceTree = "<group>";
		};
/* End PBXGroup section */

/* Begin PBXNativeTarget section */
		6B3EE3622D60C3F80052B7D8 /* WebsiteBlocker */ = {
			isa = PBXNativeTarget;
			buildConfigurationList = 6B3EE3722D60C3FC0052B7D8 /* Build configuration list for PBXNativeTarget "WebsiteBlocker" */;
			buildPhases = (
				6B3EE35F2D60C3F80052B7D8 /* Sources */,
				6B3EE3602D60C3F80052B7D8 /* Frameworks */,
				6B3EE3612D60C3F80052B7D8 /* Resources */,
				6BE5FC872D63839600B608EC /* CopyFiles */,
			);
			buildRules = (
			);
			dependencies = (
			);
			name = WebsiteBlocker;
			productName = WebsiteBlocker;
			productReference = 6B3EE3632D60C3F80052B7D8 /* WebsiteBlocker.app */;
			productType = "com.apple.product-type.application";
		};
/* End PBXNativeTarget section */

/* Begin PBXProject section */
		6B3EE35B2D60C3F80052B7D8 /* Project object */ = {
			isa = PBXProject;
			attributes = {
				BuildIndependentTargetsInParallel = 1;
				LastSwiftUpdateCheck = 1420;
				LastUpgradeCheck = 1420;
				TargetAttributes = {
					6B3EE3622D60C3F80052B7D8 = {
						CreatedOnToolsVersion = 14.2;
					};
				};
			};
			buildConfigurationList = 6B3EE35E2D60C3F80052B7D8 /* Build configuration list for PBXProject "WebsiteBlocker" */;
			compatibilityVersion = "Xcode 14.0";
			developmentRegion = en;
			hasScannedForEncodings = 0;
			knownRegions = (
				en,
				Base,
			);
			mainGroup = 6B3EE35A2D60C3F80052B7D8;
			productRefGroup = 6B3EE3642D60C3F80052B7D8 /* Products */;
			projectDirPath = "";
			projectRoot = "";
			targets = (
				6B3EE3622D60C3F80052B7D8 /* WebsiteBlocker */,
			);
		};
/* End PBXProject section */

/* Begin PBXResourcesBuildPhase section */
		6B3EE3612D60C3F80052B7D8 /* Resources */ = {
			isa = PBXResourcesBuildPhase;
			buildActionMask = 2147483647;
			files = (
				6B3EE36E2D60C3FC0052B7D8 /* Preview Assets.xcassets in Resources */,
				6B3EE36B2D60C3FC0052B7D8 /* Assets.xcassets in Resources */,
			);
			runOnlyForDeploymentPostprocessing = 0;
		};
/* End PBXResourcesBuildPhase section */

/* Begin PBXSourcesBuildPhase section */
		6B3EE35F2D60C3F80052B7D8 /* Sources */ = {
			isa = PBXSourcesBuildPhase;
			buildActionMask = 2147483647;
			files = (
				6B3EE3762D60C92D0052B7D8 /* WebsiteBlockerView.swift in Sources */,
				6B3EE37A2D60DCFF0052B7D8 /* BlocklistVM.swift in Sources */,
				6B3EE37C2D612EA30052B7D8 /* HostsFileService.swift in Sources */,
				6B3EE3862D61EFCA0052B7D8 /* BlocklistView.swift in Sources */,
				6B3EE37E2D6132800052B7D8 /* Constants.swift in Sources */,
				6B3EE3672D60C3F80052B7D8 /* WebsiteBlockerApp.swift in Sources */,
				6B3EE3782D60D29C0052B7D8 /* WebsiteModel.swift in Sources */,
			);
			runOnlyForDeploymentPostprocessing = 0;
		};
/* End PBXSourcesBuildPhase section */

/* Begin XCBuildConfiguration section */
		6B3EE3702D60C3FC0052B7D8 /* Debug */ = {
			isa = XCBuildConfiguration;
			buildSettings = {
				ALWAYS_SEARCH_USER_PATHS = NO;
				CLANG_ANALYZER_NONNULL = YES;
				CLANG_ANALYZER_NUMBER_OBJECT_CONVERSION = YES_AGGRESSIVE;
				CLANG_CXX_LANGUAGE_STANDARD = "gnu++20";
				CLANG_ENABLE_MODULES = YES;
				CLANG_ENABLE_OBJC_ARC = YES;
				CLANG_ENABLE_OBJC_WEAK = YES;
				CLANG_WARN_BLOCK_CAPTURE_AUTORELEASING = YES;
				CLANG_WARN_BOOL_CONVERSION = YES;
				CLANG_WARN_COMMA = YES;
				CLANG_WARN_CONSTANT_CONVERSION = YES;
				CLANG_WARN_DEPRECATED_OBJC_IMPLEMENTATIONS = YES;
				CLANG_WARN_DIRECT_OBJC_ISA_USAGE = YES_ERROR;
				CLANG_WARN_DOCUMENTATION_COMMENTS = YES;
				CLANG_WARN_EMPTY_BODY = YES;
				CLANG_WARN_ENUM_CONVERSION = YES;
				CLANG_WARN_INFINITE_RECURSION = YES;
				CLANG_WARN_INT_CONVERSION = YES;
				CLANG_WARN_NON_LITERAL_NULL_CONVERSION = YES;
				CLANG_WARN_OBJC_IMPLICIT_RETAIN_SELF = YES;
				CLANG_WARN_OBJC_LITERAL_CONVERSION = YES;
				CLANG_WARN_OBJC_ROOT_CLASS = YES_ERROR;
				CLANG_WARN_QUOTED_INCLUDE_IN_FRAMEWORK_HEADER = YES;
				CLANG_WARN_RANGE_LOOP_ANALYSIS = YES;
				CLANG_WARN_STRICT_PROTOTYPES = YES;
				CLANG_WARN_SUSPICIOUS_MOVE = YES;
				CLANG_WARN_UNGUARDED_AVAILABILITY = YES_AGGRESSIVE;
				CLANG_WARN_UNREACHABLE_CODE = YES;
				CLANG_WARN__DUPLICATE_METHOD_MATCH = YES;
				COPY_PHASE_STRIP = NO;
				DEBUG_INFORMATION_FORMAT = dwarf;
				ENABLE_STRICT_OBJC_MSGSEND = YES;
				ENABLE_TESTABILITY = YES;
				GCC_C_LANGUAGE_STANDARD = gnu11;
				GCC_DYNAMIC_NO_PIC = NO;
				GCC_NO_COMMON_BLOCKS = YES;
				GCC_OPTIMIZATION_LEVEL = 0;
				GCC_PREPROCESSOR_DEFINITIONS = (
					"DEBUG=1",
					"$(inherited)",
				);
				GCC_WARN_64_TO_32_BIT_CONVERSION = YES;
				GCC_WARN_ABOUT_RETURN_TYPE = YES_ERROR;
				GCC_WARN_UNDECLARED_SELECTOR = YES;
				GCC_WARN_UNINITIALIZED_AUTOS = YES_AGGRESSIVE;
				GCC_WARN_UNUSED_FUNCTION = YES;
				GCC_WARN_UNUSED_VARIABLE = YES;
				MACOSX_DEPLOYMENT_TARGET = 12.7;
				MTL_ENABLE_DEBUG_INFO = INCLUDE_SOURCE;
				MTL_FAST_MATH = YES;
				ONLY_ACTIVE_ARCH = YES;
				SDKROOT = macosx;
				SWIFT_ACTIVE_COMPILATION_CONDITIONS = DEBUG;
				SWIFT_OPTIMIZATION_LEVEL = "-Onone";
			};
			name = Debug;
		};
		6B3EE3712D60C3FC0052B7D8 /* Release */ = {
			isa = XCBuildConfiguration;
			buildSettings = {
				ALWAYS_SEARCH_USER_PATHS = NO;
				CLANG_ANALYZER_NONNULL = YES;
				CLANG_ANALYZER_NUMBER_OBJECT_CONVERSION = YES_AGGRESSIVE;
				CLANG_CXX_LANGUAGE_STANDARD = "gnu++20";
				CLANG_ENABLE_MODULES = YES;
				CLANG_ENABLE_OBJC_ARC = YES;
				CLANG_ENABLE_OBJC_WEAK = YES;
				CLANG_WARN_BLOCK_CAPTURE_AUTORELEASING = YES;
				CLANG_WARN_BOOL_CONVERSION = YES;
				CLANG_WARN_COMMA = YES;
				CLANG_WARN_CONSTANT_CONVERSION = YES;
				CLANG_WARN_DEPRECATED_OBJC_IMPLEMENTATIONS = YES;
				CLANG_WARN_DIRECT_OBJC_ISA_USAGE = YES_ERROR;
				CLANG_WARN_DOCUMENTATION_COMMENTS = YES;
				CLANG_WARN_EMPTY_BODY = YES;
				CLANG_WARN_ENUM_CONVERSION = YES;
				CLANG_WARN_INFINITE_RECURSION = YES;
				CLANG_WARN_INT_CONVERSION = YES;
				CLANG_WARN_NON_LITERAL_NULL_CONVERSION = YES;
				CLANG_WARN_OBJC_IMPLICIT_RETAIN_SELF = YES;
				CLANG_WARN_OBJC_LITERAL_CONVERSION = YES;
				CLANG_WARN_OBJC_ROOT_CLASS = YES_ERROR;
				CLANG_WARN_QUOTED_INCLUDE_IN_FRAMEWORK_HEADER = YES;
				CLANG_WARN_RANGE_LOOP_ANALYSIS = YES;
				CLANG_WARN_STRICT_PROTOTYPES = YES;
				CLANG_WARN_SUSPICIOUS_MOVE = YES;
				CLANG_WARN_UNGUARDED_AVAILABILITY = YES_AGGRESSIVE;
				CLANG_WARN_UNREACHABLE_CODE = YES;
				CLANG_WARN__DUPLICATE_METHOD_MATCH = YES;
				COPY_PHASE_STRIP = NO;
				DEBUG_INFORMATION_FORMAT = "dwarf-with-dsym";
				ENABLE_NS_ASSERTIONS = NO;
				ENABLE_STRICT_OBJC_MSGSEND = YES;
				GCC_C_LANGUAGE_STANDARD = gnu11;
				GCC_NO_COMMON_BLOCKS = YES;
				GCC_WARN_64_TO_32_BIT_CONVERSION = YES;
				GCC_WARN_ABOUT_RETURN_TYPE = YES_ERROR;
				GCC_WARN_UNDECLARED_SELECTOR = YES;
				GCC_WARN_UNINITIALIZED_AUTOS = YES_AGGRESSIVE;
				GCC_WARN_UNUSED_FUNCTION = YES;
				GCC_WARN_UNUSED_VARIABLE = YES;
				MACOSX_DEPLOYMENT_TARGET = 12.7;
				MTL_ENABLE_DEBUG_INFO = NO;
				MTL_FAST_MATH = YES;
				SDKROOT = macosx;
				SWIFT_COMPILATION_MODE = wholemodule;
				SWIFT_OPTIMIZATION_LEVEL = "-O";
			};
			name = Release;
		};
		6B3EE3732D60C3FC0052B7D8 /* Debug */ = {
			isa = XCBuildConfiguration;
			buildSettings = {
				ASSETCATALOG_COMPILER_APPICON_NAME = AppIcon;
				ASSETCATALOG_COMPILER_GLOBAL_ACCENT_COLOR_NAME = AccentColor;
				CODE_SIGN_ENTITLEMENTS = WebsiteBlocker/WebsiteBlocker.entitlements;
				"CODE_SIGN_IDENTITY[sdk=macosx*]" = "-";
				CODE_SIGN_STYLE = Automatic;
				COMBINE_HIDPI_IMAGES = YES;
				CURRENT_PROJECT_VERSION = 1;
				DEVELOPMENT_ASSET_PATHS = "\"WebsiteBlocker/Preview Content\"";
				DEVELOPMENT_TEAM = HDZ2C7R44T;
				ENABLE_HARDENED_RUNTIME = YES;
				ENABLE_PREVIEWS = YES;
				GENERATE_INFOPLIST_FILE = YES;
				INFOPLIST_KEY_NSHumanReadableCopyright = "";
				LD_RUNPATH_SEARCH_PATHS = (
					"$(inherited)",
					"@executable_path/../Frameworks",
				);
				MARKETING_VERSION = 1.0;
				PRODUCT_BUNDLE_IDENTIFIER = com.example.WebsiteBlocker;
				PRODUCT_NAME = "$(TARGET_NAME)";
				SWIFT_EMIT_LOC_STRINGS = YES;
				SWIFT_VERSION = 5.0;
			};
			name = Debug;
		};
		6B3EE3742D60C3FC0052B7D8 /* Release */ = {
			isa = XCBuildConfiguration;
			buildSettings = {
				ASSETCATALOG_COMPILER_APPICON_NAME = AppIcon;
				ASSETCATALOG_COMPILER_GLOBAL_ACCENT_COLOR_NAME = AccentColor;
				CODE_SIGN_ENTITLEMENTS = WebsiteBlocker/WebsiteBlocker.entitlements;
				"CODE_SIGN_IDENTITY[sdk=macosx*]" = "-";
				CODE_SIGN_STYLE = Automatic;
				COMBINE_HIDPI_IMAGES = YES;
				CURRENT_PROJECT_VERSION = 1;
				DEVELOPMENT_ASSET_PATHS = "\"WebsiteBlocker/Preview Content\"";
				DEVELOPMENT_TEAM = HDZ2C7R44T;
				ENABLE_HARDENED_RUNTIME = YES;
				ENABLE_PREVIEWS = YES;
				GENERATE_INFOPLIST_FILE = YES;
				INFOPLIST_KEY_NSHumanReadableCopyright = "";
				LD_RUNPATH_SEARCH_PATHS = (
					"$(inherited)",
					"@executable_path/../Frameworks",
				);
				MARKETING_VERSION = 1.0;
				PRODUCT_BUNDLE_IDENTIFIER = com.example.WebsiteBlocker;
				PRODUCT_NAME = "$(TARGET_NAME)";
				SWIFT_EMIT_LOC_STRINGS = YES;
				SWIFT_VERSION = 5.0;
			};
			name = Release;
		};
/* End XCBuildConfiguration section */

/* Begin XCConfigurationList section */
		6B3EE35E2D60C3F80052B7D8 /* Build configuration list for PBXProject "WebsiteBlocker" */ = {
			isa = XCConfigurationList;
			buildConfigurations = (
				6B3EE3702D60C3FC0052B7D8 /* Debug */,
				6B3EE3712D60C3FC0052B7D8 /* Release */,
			);
			defaultConfigurationIsVisible = 0;
			defaultConfigurationName = Release;
		};
		6B3EE3722D60C3FC0052B7D8 /* Build configuration list for PBXNativeTarget "WebsiteBlocker" */ = {
			isa = XCConfigurationList;
			buildConfigurations = (
				6B3EE3732D60C3FC0052B7D8 /* Debug */,
				6B3EE3742D60C3FC0052B7D8 /* Release */,
			);
			defaultConfigurationIsVisible = 0;
			defaultConfigurationName = Release;
		};
/* End XCConfigurationList section */
	};
	rootObject = 6B3EE35B2D60C3F80052B7D8 /* Project object */;
}
